
Microsoft Visual Studio Solution File, Format Version 12.00
# Visual Studio Version 16
VisualStudioVersion = 16.0.32510.428
MinimumVisualStudioVersion = 10.0.40219.1
Project("{9A19103F-16F7-4668-BE54-9A1E7A4F7556}") = "DependencyInject", "DependencyInject\DependencyInject.csproj", "{DE85EF3F-F01A-47CF-A85D-7B8E00708E59}"
EndProject
Project("{9A19103F-16F7-4668-BE54-9A1E7A4F7556}") = "EF", "EF\EF.csproj", "{9DB94CC9-3495-4821-8268-99EAA8EF4B91}"
EndProject
Project("{9A19103F-16F7-4668-BE54-9A1E7A4F7556}") = "MigrationEx", "MigrationEx\MigrationEx.csproj", "{63A668F3-2174-4451-A391-6910EB0F0E9D}"
EndProject
Project("{9A19103F-16F7-4668-BE54-9A1E7A4F7556}") = "TestScaffold", "TestScaffold\TestScaffold.csproj", "{324767DF-640D-4AD9-B5C9-64388C7CBB98}"
EndProject
Project("{9A19103F-16F7-4668-BE54-9A1E7A4F7556}") = "Hello-ASP", "Hello-ASP\Hello-ASP.csproj", "{910ACA4E-C79B-41EF-89D3-9CCD8FF1DE1C}"
EndProject
Project("{FAE04EC0-301F-11D3-BF4B-00C04F79EFBC}") = "ASP01", "ASP01\ASP01.csproj", "{F8E0AD4B-DE23-47FD-9670-357BECD92740}"
EndProject
Global
	GlobalSection(SolutionConfigurationPlatforms) = preSolution
		Debug|Any CPU = Debug|Any CPU
		Release|Any CPU = Release|Any CPU
	EndGlobalSection
	GlobalSection(ProjectConfigurationPlatforms) = postSolution
		{DE85EF3F-F01A-47CF-A85D-7B8E00708E59}.Debug|Any CPU.ActiveCfg = Debug|Any CPU
		{DE85EF3F-F01A-47CF-A85D-7B8E00708E59}.Debug|Any CPU.Build.0 = Debug|Any CPU
		{DE85EF3F-F01A-47CF-A85D-7B8E00708E59}.Release|Any CPU.ActiveCfg = Release|Any CPU
		{DE85EF3F-F01A-47CF-A85D-7B8E00708E59}.Release|Any CPU.Build.0 = Release|Any CPU
		{9DB94CC9-3495-4821-8268-99EAA8EF4B91}.Debug|Any CPU.ActiveCfg = Debug|Any CPU
		{9DB94CC9-3495-4821-8268-99EAA8EF4B91}.Debug|Any CPU.Build.0 = Debug|Any CPU
		{9DB94CC9-3495-4821-8268-99EAA8EF4B91}.Release|Any CPU.ActiveCfg = Release|Any CPU
		{9DB94CC9-3495-4821-8268-99EAA8EF4B91}.Release|Any CPU.Build.0 = Release|Any CPU
		{63A668F3-2174-4451-A391-6910EB0F0E9D}.Debug|Any CPU.ActiveCfg = Debug|Any CPU
		{63A668F3-2174-4451-A391-6910EB0F0E9D}.Debug|Any CPU.Build.0 = Debug|Any CPU
		{63A668F3-2174-4451-A391-6910EB0F0E9D}.Release|Any CPU.ActiveCfg = Release|Any CPU
		{63A668F3-2174-4451-A391-6910EB0F0E9D}.Release|Any CPU.Build.0 = Release|Any CPU
		{324767DF-640D-4AD9-B5C9-64388C7CBB98}.Debug|Any CPU.ActiveCfg = Debug|Any CPU
		{324767DF-640D-4AD9-B5C9-64388C7CBB98}.Debug|Any CPU.Build.0 = Debug|Any CPU
		{324767DF-640D-4AD9-B5C9-64388C7CBB98}.Release|Any CPU.ActiveCfg = Release|Any CPU
		{324767DF-640D-4AD9-B5C9-64388C7CBB98}.Release|Any CPU.Build.0 = Release|Any CPU
		{910ACA4E-C79B-41EF-89D3-9CCD8FF1DE1C}.Debug|Any CPU.ActiveCfg = Debug|Any CPU
		{910ACA4E-C79B-41EF-89D3-9CCD8FF1DE1C}.Debug|Any CPU.Build.0 = Debug|Any CPU
		{910ACA4E-C79B-41EF-89D3-9CCD8FF1DE1C}.Release|Any CPU.ActiveCfg = Release|Any CPU
		{910ACA4E-C79B-41EF-89D3-9CCD8FF1DE1C}.Release|Any CPU.Build.0 = Release|Any CPU
		{F8E0AD4B-DE23-47FD-9670-357BECD92740}.Debug|Any CPU.ActiveCfg = Debug|Any CPU
		{F8E0AD4B-DE23-47FD-9670-357BECD92740}.Debug|Any CPU.Build.0 = Debug|Any CPU
		{F8E0AD4B-DE23-47FD-9670-357BECD92740}.Release|Any CPU.ActiveCfg = Release|Any CPU
		{F8E0AD4B-DE23-47FD-9670-357BECD92740}.Release|Any CPU.Build.0 = Release|Any CPU
	EndGlobalSection
	GlobalSection(SolutionProperties) = preSolution
		HideSolutionNode = FALSE
	EndGlobalSection
	GlobalSection(ExtensibilityGlobals) = postSolution
		SolutionGuid = {6EF4C5C9-58FD-48BC-9A29-35789B3B99A8}
	EndGlobalSection
EndGlobal
